# This file is automatically @generated by Poetry 2.1.4 and should not be changed by hand.

[[package]]
name = "aurora-dsql-python-connector"
version = "0.2.2"
description = "A connector that integrates IAM Authentication for connecting Python applications to Amazon Aurora DSQL clusters"
optional = false
python-versions = ">=3.10"
groups = ["main"]
files = [
    {file = "aurora_dsql_python_connector-0.2.2-py3-none-any.whl", hash = "sha256:cc1003e2daa3031418f5a4ff13ce53c639769dddf719519388aa807ea022d9ba"},
    {file = "aurora_dsql_python_connector-0.2.2.tar.gz", hash = "sha256:0e03d088841bc9cbb5463d1a38e68fd09143c5da3ac7f7975994be043ff8918c"},
]

[package.dependencies]
boto3 = ">=1.35.74"

[package.extras]
asyncpg = ["asyncpg (>=0.30.0)"]
dev = ["black (>=23.0.0)", "flake8 (>=6.0.0)", "isort (>=7.0.0)", "mypy (>=1.0.0)", "pytest (>=8.0)", "pytest-asyncio (>=1.2.0)", "pytest-cov (>=4.0.0)"]
psycopg = ["psycopg-pool (>=3.2.6)", "psycopg[binary] (>=3.1.0)"]
psycopg2 = ["psycopg2-binary (>=2.9.0)"]

[[package]]
name = "aurora-dsql-sqlalchemy"
version = "1.1.0"
description = "Amazon Aurora DSQL dialect for SQLAlchemy"
optional = false
python-versions = ">=3.10"
groups = ["main"]
files = [
    {file = "aurora_dsql_sqlalchemy-1.1.0-py3-none-any.whl", hash = "sha256:be5a2fccd8b24afdfeaf5f1816743f0b52b0867c0b46e3d39badd231e21edbf1"},
    {file = "aurora_dsql_sqlalchemy-1.1.0.tar.gz", hash = "sha256:65a984f0a42d427670330708ce301b956ef4b84b64d44ec862b66e1f4fd2714a"},
]

[package.dependencies]
aurora-dsql-python-connector = ">=0.1.0"
sqlalchemy = ">=2.0.0"

[package.extras]
psycopg = ["psycopg[binary] (>=3.2.0)"]
psycopg2 = ["psycopg2-binary (>=2.9.0)"]
test = ["hatch-vcs", "pytest", "pytest-cov", "python-dotenv", "ruff"]

[[package]]
name = "awscrt"
version = "0.29.2"
description = "A common runtime for AWS Python projects"
optional = false
python-versions = ">=3.8"
groups = ["main"]
files = [
    {file = "awscrt-0.29.2-cp310-cp310-macosx_10_15_universal2.whl", hash = "sha256:924bd4d81c8a64618b7493d9705868b8a04214e3004fa4c501af99c9cc02015d"},
    {file = "awscrt-0.29.2-cp310-cp310-manylinux2014_aarch64.manylinux_2_17_aarch64.whl", hash = "sha256:2751af47cd24ecea59e8bab705bd709dd78e4b5bb585584264f0b615a3ab223f"},
    {file = "awscrt-0.29.2-cp310-cp310-manylinux2014_x86_64.manylinux_2_17_x86_64.whl", hash = "sha256:aae54260b780ca32e73ea92528d649f1f9f892bc0da3fdf350889e0b577e45fa"},
    {file = "awscrt-0.29.2-cp310-cp310-musllinux_1_1_aarch64.whl", hash = "sha256:7b8dd8e2a8db9c1c42781b7c3e4ca79f1d71bad001f82e765bce217dc9560d8d"},
    {file = "awscrt-0.29.2-cp310-cp310-musllinux_1_1_x86_64.whl", hash = "sha256:6f652bf4ac5cf3ca5b8e6b13309a1d5795f61c84fe0554e1f230e263f900def0"},
    {file = "awscrt-0.29.2-cp310-cp310-win32.whl", hash = "sha256:39c0524a46e1d108065f7052b5689802304a41fe10c41d0741d42608a168baaf"},
    {file = "awscrt-0.29.2-cp310-cp310-win_amd64.whl", hash = "sha256:7e0c47e0cde4c52933c56cdafa2e3c59cdc2ec4a34d7f9ace77117416c66bfe5"},
    {file = "awscrt-0.29.2-cp311-abi3-macosx_10_15_universal2.whl", hash = "sha256:3ff819a542acc5f11c46223204362c6b065031df0e4a37bf1ce2fc233a7145e4"},
    {file = "awscrt-0.29.2-cp311-abi3-manylinux2014_aarch64.manylinux_2_17_aarch64.whl", hash = "sha256:aa3d2f7fc0218a04707384afd871a8c3e97251185038eb921ae2fae4f61b7d90"},
    {file = "awscrt-0.29.2-cp311-abi3-manylinux2014_x86_64.manylinux_2_17_x86_64.whl", hash = "sha256:4f86d5a1a3c6d817dc0087d4e25abae1a7a1dd678d31fbcd226a15515719bdac"},
    {file = "awscrt-0.29.2-cp311-abi3-musllinux_1_1_aarch64.whl", hash = "sha256:a6451a730c961b73b57dccdcf8599bf8058740053b531d3724efbf3a89e2d191"},
    {file = "awscrt-0.29.2-cp311-abi3-musllinux_1_1_x86_64.whl", hash = "sha256:66a82b0960d281e14e7bfb95e9d6934cbc8e949b3f3e829709736b14bf0e6760"},
    {file = "awscrt-0.29.2-cp311-abi3-win32.whl", hash = "sha256:c1c243a7d7b9ed9c1e10acfb44eaab81b88eec24b50915ce3db45a8ffa4f2edb"},
    {file = "awscrt-0.29.2-cp311-abi3-win_amd64.whl", hash = "sha256:cd7349596f8f7b05805e047d29bfceb2304f5f0277fe0088e13ea8fe41ac3064"},
    {file = "awscrt-0.29.2-cp313-abi3-macosx_10_15_universal2.whl", hash = "sha256:2377b9adf0db47fcf74ad6c89afcd901f6cf97f24ba4f0e5e352f5ffe12affef"},
    {file = "awscrt-0.29.2-cp313-abi3-manylinux2014_aarch64.manylinux_2_17_aarch64.whl", hash = "sha256:e0cb67ce813577679dab7ab56cc8bb16a546328589db87a55f7b52314f54504f"},
    {file = "awscrt-0.29.2-cp313-abi3-manylinux2014_x86_64.manylinux_2_17_x86_64.whl", hash = "sha256:cb7d44ed31baeb1b5720674a0249f48d8d6e548ea544ddfb93000b6bff559f34"},
    {file = "awscrt-0.29.2-cp313-abi3-musllinux_1_1_aarch64.whl", hash = "sha256:e455776fd0a04929c586a66e590c6eb6f2ca08b96ec13323bfb087ee17fd6e99"},
    {file = "awscrt-0.29.2-cp313-abi3-musllinux_1_1_x86_64.whl", hash = "sha256:70fd197fe83b78c25c2c57293466808df6f63287a480984834b4af7b9d18d4c0"},
    {file = "awscrt-0.29.2-cp313-abi3-win32.whl", hash = "sha256:b3c46e4808ce7cfb6a63878e45b30b3410f5c314e352396d1210380787cafee2"},
    {file = "awscrt-0.29.2-cp313-abi3-win_amd64.whl", hash = "sha256:74f8944e04bfc1508cce784b75927b4fb9895ff6a57310abb523c4b446b4f34f"},
    {file = "awscrt-0.29.2-cp38-cp38-macosx_10_15_x86_64.whl", hash = "sha256:4af1bde4c7dc4d5f02adf85d0ca7c63fb7d2a63e7d7aaf05092e8a0bd0694354"},
    {file = "awscrt-0.29.2-cp38-cp38-manylinux2014_aarch64.manylinux_2_17_aarch64.whl", hash = "sha256:cab1b5f53e2b4346f60797de86eaf4d8603f5d7a8b7f72db238842e0eaa8a256"},
    {file = "awscrt-0.29.2-cp38-cp38-manylinux2014_x86_64.manylinux_2_17_x86_64.whl", hash = "sha256:4a0fa74819023b7887c34d96501ae78fbfb603feebfa55c000ec5c544c7d5e13"},
    {file = "awscrt-0.29.2-cp38-cp38-manylinux_2_5_i686.manylinux1_i686.whl", hash = "sha256:cc4bc2f5cef3bdffad7898c4e1eb8956633091bc77682dfea1f6facf43c8782c"},
    {file = "awscrt-0.29.2-cp38-cp38-manylinux_2_5_x86_64.manylinux1_x86_64.whl", hash = "sha256:9ed66b78dd42ab3ff210f3c35302a820b25e10c6ede28f1d638f3f0ac0bf6265"},
    {file = "awscrt-0.29.2-cp38-cp38-musllinux_1_1_aarch64.whl", hash = "sha256:088421728c1b8f0aad34a750ab63db4524ed3e64eedb75fa8d2ac6e19d9747b4"},
    {file = "awscrt-0.29.2-cp38-cp38-musllinux_1_1_x86_64.whl", hash = "sha256:6f7d1963826c07f0e4c0101a37b3a894a72a24af226cbe8f55e7b6f4f7a4a8bb"},
    {file = "awscrt-0.29.2-cp38-cp38-win32.whl", hash = "sha256:2c6149cc4aaf716d1005e5bbacf97604f7f8282be0d7b65934ef8a8072a735cc"},
    {file = "awscrt-0.29.2-cp38-cp38-win_amd64.whl", hash = "sha256:160709ea4c44e9f77c08899ccd0c16c06345bc70e70ada6547732bdf4fb88d4d"},
    {file = "awscrt-0.29.2-cp39-cp39-macosx_10_15_universal2.whl", hash = "sha256:99370b83e399f5d98c24d66e76be4cb52400a562d1b1e062943339ea53ae75c6"},
    {file = "awscrt-0.29.2-cp39-cp39-manylinux2014_aarch64.manylinux_2_17_aarch64.whl", hash = "sha256:05f7e46f1898b03ce9a44b5d21c99fc997efa2702f64c57a1a7562d11acc9674"},
    {file = "awscrt-0.29.2-cp39-cp39-manylinux2014_x86_64.manylinux_2_17_x86_64.whl", hash = "sha256:c28b5bc783a393128741f7541366f2d90e4e45187c7c7e6f6dc3cc963ff2e643"},
    {file = "awscrt-0.29.2-cp39-cp39-manylinux_2_5_i686.manylinux1_i686.whl", hash = "sha256:b9780a311b315a08c2d6cf0c7daa192a119481797b1eb96b3003beb4e5f3e18b"},
    {file = "awscrt-0.29.2-cp39-cp39-manylinux_2_5_x86_64.manylinux1_x86_64.whl", hash = "sha256:95c9fac496453b7ec35f77ebe7bec52abf75286cd75cb3a9fb590ee6f0a23706"},
    {file = "awscrt-0.29.2-cp39-cp39-musllinux_1_1_aarch64.whl", hash = "sha256:fe338636b529e1172d0b854a314ad7e41a6362cd2c2617cda40b19a6ad716dad"},
    {file = "awscrt-0.29.2-cp39-cp39-musllinux_1_1_x86_64.whl", hash = "sha256:d2fd4b4c0274910690020af9ba059f8f4b749ca182d5fe2c659c5dba34e985d8"},
    {file = "awscrt-0.29.2-cp39-cp39-win32.whl", hash = "sha256:8872751c3bc596abc4c25d1571388ea388093186a227eefc8823a1485b81035b"},
    {file = "awscrt-0.29.2-cp39-cp39-win_amd64.whl", hash = "sha256:7b595d46fb75d5b13ead532b0866eed6ed6bad0ba2ed97bdb6fd060e2ebbbe79"},
    {file = "awscrt-0.29.2.tar.gz", hash = "sha256:c78d81b1308d42fda1eb21d27fcf26579137b821043e528550f2cfc6c09ab9ff"},
]

[package.extras]
dev = ["autopep8 (>=2.3.1)", "build (>=1.2.2)", "h2 (==4.1.0)", "sphinx (>=7.2.6,<7.3) ; python_version >= \"3.9\"", "websockets (>=13.1)"]

[[package]]
name = "boto3"
version = "1.42.30"
description = "The AWS SDK for Python"
optional = false
python-versions = ">=3.9"
groups = ["main"]
files = [
    {file = "boto3-1.42.30-py3-none-any.whl", hash = "sha256:d7e548bea65e0ae2c465c77de937bc686b591aee6a352d5a19a16bc751e591c1"},
    {file = "boto3-1.42.30.tar.gz", hash = "sha256:ba9cd2f7819637d15bfbeb63af4c567fcc8a7dcd7b93dd12734ec58601169538"},
]

[package.dependencies]
botocore = ">=1.42.30,<1.43.0"
jmespath = ">=0.7.1,<2.0.0"
s3transfer = ">=0.16.0,<0.17.0"

[package.extras]
crt = ["botocore[crt] (>=1.21.0,<2.0a0)"]

[[package]]
name = "botocore"
version = "1.42.30"
description = "Low-level, data-driven core of boto 3."
optional = false
python-versions = ">=3.9"
groups = ["main"]
files = [
    {file = "botocore-1.42.30-py3-none-any.whl", hash = "sha256:97070a438cac92430bb7b65f8ebd7075224f4a289719da4ee293d22d1e98db02"},
    {file = "botocore-1.42.30.tar.gz", hash = "sha256:9bf1662b8273d5cc3828a49f71ca85abf4e021011c1f0a71f41a2ea5769a5116"},
]

[package.dependencies]
awscrt = {version = "0.29.2", optional = true, markers = "extra == \"crt\""}
jmespath = ">=0.7.1,<2.0.0"
python-dateutil = ">=2.1,<3.0.0"
urllib3 = {version = ">=1.25.4,<2.2.0 || >2.2.0,<3", markers = "python_version >= \"3.10\""}

[package.extras]
crt = ["awscrt (==0.29.2)"]

[[package]]
name = "greenlet"
version = "3.3.0"
description = "Lightweight in-process concurrent programming"
optional = false
python-versions = ">=3.10"
groups = ["main"]
markers = "platform_machine == \"aarch64\" or platform_machine == \"ppc64le\" or platform_machine == \"x86_64\" or platform_machine == \"amd64\" or platform_machine == \"AMD64\" or platform_machine == \"win32\" or platform_machine == \"WIN32\""
files = [
    {file = "greenlet-3.3.0-cp310-cp310-macosx_11_0_universal2.whl", hash = "sha256:6f8496d434d5cb2dce025773ba5597f71f5410ae499d5dd9533e0653258cdb3d"},
    {file = "greenlet-3.3.0-cp310-cp310-manylinux_2_24_aarch64.manylinux_2_28_aarch64.whl", hash = "sha256:b96dc7eef78fd404e022e165ec55327f935b9b52ff355b067eb4a0267fc1cffb"},
    {file = "greenlet-3.3.0-cp310-cp310-manylinux_2_24_ppc64le.manylinux_2_28_ppc64le.whl", hash = "sha256:73631cd5cccbcfe63e3f9492aaa664d278fda0ce5c3d43aeda8e77317e38efbd"},
    {file = "greenlet-3.3.0-cp310-cp310-manylinux_2_24_s390x.manylinux_2_28_s390x.whl", hash = "sha256:b299a0cb979f5d7197442dccc3aee67fce53500cd88951b7e6c35575701c980b"},
    {file = "greenlet-3.3.0-cp310-cp310-manylinux_2_24_x86_64.manylinux_2_28_x86_64.whl", hash = "sha256:7dee147740789a4632cace364816046e43310b59ff8fb79833ab043aefa72fd5"},
    {file = "greenlet-3.3.0-cp310-cp310-musllinux_1_2_aarch64.whl", hash = "sha256:39b28e339fc3c348427560494e28d8a6f3561c8d2bcf7d706e1c624ed8d822b9"},
    {file = "greenlet-3.3.0-cp310-cp310-musllinux_1_2_x86_64.whl", hash = "sha256:b3c374782c2935cc63b2a27ba8708471de4ad1abaa862ffdb1ef45a643ddbb7d"},
    {file = "greenlet-3.3.0-cp310-cp310-win_amd64.whl", hash = "sha256:b49e7ed51876b459bd645d83db257f0180e345d3f768a35a85437a24d5a49082"},
    {file = "greenlet-3.3.0-cp311-cp311-macosx_11_0_universal2.whl", hash = "sha256:e29f3018580e8412d6aaf5641bb7745d38c85228dacf51a73bd4e26ddf2a6a8e"},
    {file = "greenlet-3.3.0-cp311-cp311-manylinux_2_24_aarch64.manylinux_2_28_aarch64.whl", hash = "sha256:a687205fb22794e838f947e2194c0566d3812966b41c78709554aa883183fb62"},
    {file = "greenlet-3.3.0-cp311-cp311-manylinux_2_24_ppc64le.manylinux_2_28_ppc64le.whl", hash = "sha256:4243050a88ba61842186cb9e63c7dfa677ec146160b0efd73b855a3d9c7fcf32"},
    {file = "greenlet-3.3.0-cp311-cp311-manylinux_2_24_s390x.manylinux_2_28_s390x.whl", hash = "sha256:670d0f94cd302d81796e37299bcd04b95d62403883b24225c6b5271466612f45"},
    {file = "greenlet-3.3.0-cp311-cp311-manylinux_2_24_x86_64.manylinux_2_28_x86_64.whl", hash = "sha256:6cb3a8ec3db4a3b0eb8a3c25436c2d49e3505821802074969db017b87bc6a948"},
    {file = "greenlet-3.3.0-cp311-cp311-musllinux_1_2_aarch64.whl", hash = "sha256:2de5a0b09eab81fc6a382791b995b1ccf2b172a9fec934747a7a23d2ff291794"},
    {file = "greenlet-3.3.0-cp311-cp311-musllinux_1_2_x86_64.whl", hash = "sha256:4449a736606bd30f27f8e1ff4678ee193bc47f6ca810d705981cfffd6ce0d8c5"},
    {file = "greenlet-3.3.0-cp311-cp311-win_amd64.whl", hash = "sha256:7652ee180d16d447a683c04e4c5f6441bae7ba7b17ffd9f6b3aff4605e9e6f71"},
    {file = "greenlet-3.3.0-cp312-cp312-macosx_11_0_universal2.whl", hash = "sha256:b01548f6e0b9e9784a2c99c5651e5dc89ffcbe870bc5fb2e5ef864e9cc6b5dcb"},
    {file = "greenlet-3.3.0-cp312-cp312-manylinux_2_24_aarch64.manylinux_2_28_aarch64.whl", hash = "sha256:349345b770dc88f81506c6861d22a6ccd422207829d2c854ae2af8025af303e3"},
    {file = "greenlet-3.3.0-cp312-cp312-manylinux_2_24_ppc64le.manylinux_2_28_ppc64le.whl", hash = "sha256:e8e18ed6995e9e2c0b4ed264d2cf89260ab3ac7e13555b8032b25a74c6d18655"},
    {file = "greenlet-3.3.0-cp312-cp312-manylinux_2_24_s390x.manylinux_2_28_s390x.whl", hash = "sha256:c024b1e5696626890038e34f76140ed1daf858e37496d33f2af57f06189e70d7"},
    {file = "greenlet-3.3.0-cp312-cp312-manylinux_2_24_x86_64.manylinux_2_28_x86_64.whl", hash = "sha256:047ab3df20ede6a57c35c14bf5200fcf04039d50f908270d3f9a7a82064f543b"},
    {file = "greenlet-3.3.0-cp312-cp312-musllinux_1_2_aarch64.whl", hash = "sha256:2d9ad37fc657b1102ec880e637cccf20191581f75c64087a549e66c57e1ceb53"},
    {file = "greenlet-3.3.0-cp312-cp312-musllinux_1_2_x86_64.whl", hash = "sha256:83cd0e36932e0e7f36a64b732a6f60c2fc2df28c351bae79fbaf4f8092fe7614"},
    {file = "greenlet-3.3.0-cp312-cp312-win_amd64.whl", hash = "sha256:a7a34b13d43a6b78abf828a6d0e87d3385680eaf830cd60d20d52f249faabf39"},
    {file = "greenlet-3.3.0-cp313-cp313-macosx_11_0_universal2.whl", hash = "sha256:a1e41a81c7e2825822f4e068c48cb2196002362619e2d70b148f20a831c00739"},
    {file = "greenlet-3.3.0-cp313-cp313-manylinux_2_24_aarch64.manylinux_2_28_aarch64.whl", hash = "sha256:9f515a47d02da4d30caaa85b69474cec77b7929b2e936ff7fb853d42f4bf8808"},
    {file = "greenlet-3.3.0-cp313-cp313-manylinux_2_24_ppc64le.manylinux_2_28_ppc64le.whl", hash = "sha256:7d2d9fd66bfadf230b385fdc90426fcd6eb64db54b40c495b72ac0feb5766c54"},
    {file = "greenlet-3.3.0-cp313-cp313-manylinux_2_24_s390x.manylinux_2_28_s390x.whl", hash = "sha256:30a6e28487a790417d036088b3bcb3f3ac7d8babaa7d0139edbaddebf3af9492"},
    {file = "greenlet-3.3.0-cp313-cp313-manylinux_2_24_x86_64.manylinux_2_28_x86_64.whl", hash = "sha256:087ea5e004437321508a8d6f20efc4cfec5e3c30118e1417ea96ed1d93950527"},
    {file = "greenlet-3.3.0-cp313-cp313-musllinux_1_2_aarch64.whl", hash = "sha256:ab97cf74045343f6c60a39913fa59710e4bd26a536ce7ab2397adf8b27e67c39"},
    {file = "greenlet-3.3.0-cp313-cp313-musllinux_1_2_x86_64.whl", hash = "sha256:5375d2e23184629112ca1ea89a53389dddbffcf417dad40125713d88eb5f96e8"},
    {file = "greenlet-3.3.0-cp313-cp313-win_amd64.whl", hash = "sha256:9ee1942ea19550094033c35d25d20726e4f1c40d59545815e1128ac58d416d38"},
    {file = "greenlet-3.3.0-cp314-cp314-macosx_11_0_universal2.whl", hash = "sha256:60c2ef0f578afb3c8d92ea07ad327f9a062547137afe91f38408f08aacab667f"},
    {file = "greenlet-3.3.0-cp314-cp314-manylinux_2_24_aarch64.manylinux_2_28_aarch64.whl", hash = "sha256:0a5d554d0712ba1de0a6c94c640f7aeba3f85b3a6e1f2899c11c2c0428da9365"},
    {file = "greenlet-3.3.0-cp314-cp314-manylinux_2_24_ppc64le.manylinux_2_28_ppc64le.whl", hash = "sha256:3a898b1e9c5f7307ebbde4102908e6cbfcb9ea16284a3abe15cab996bee8b9b3"},
    {file = "greenlet-3.3.0-cp314-cp314-manylinux_2_24_s390x.manylinux_2_28_s390x.whl", hash = "sha256:dcd2bdbd444ff340e8d6bdf54d2f206ccddbb3ccfdcd3c25bf4afaa7b8f0cf45"},
    {file = "greenlet-3.3.0-cp314-cp314-manylinux_2_24_x86_64.manylinux_2_28_x86_64.whl", hash = "sha256:5773edda4dc00e173820722711d043799d3adb4f01731f40619e07ea2750b955"},
    {file = "greenlet-3.3.0-cp314-cp314-musllinux_1_2_aarch64.whl", hash = "sha256:ac0549373982b36d5fd5d30beb8a7a33ee541ff98d2b502714a09f1169f31b55"},
    {file = "greenlet-3.3.0-cp314-cp314-musllinux_1_2_x86_64.whl", hash = "sha256:d198d2d977460358c3b3a4dc844f875d1adb33817f0613f663a656f463764ccc"},
    {file = "greenlet-3.3.0-cp314-cp314-win_amd64.whl", hash = "sha256:73f51dd0e0bdb596fb0417e475fa3c5e32d4c83638296e560086b8d7da7c4170"},
    {file = "greenlet-3.3.0-cp314-cp314t-macosx_11_0_universal2.whl", hash = "sha256:d6ed6f85fae6cdfdb9ce04c9bf7a08d666cfcfb914e7d006f44f840b46741931"},
    {file = "greenlet-3.3.0-cp314-cp314t-manylinux_2_24_aarch64.manylinux_2_28_aarch64.whl", hash = "sha256:d9125050fcf24554e69c4cacb086b87b3b55dc395a8b3ebe6487b045b2614388"},
    {file = "greenlet-3.3.0-cp314-cp314t-manylinux_2_24_ppc64le.manylinux_2_28_ppc64le.whl", hash = "sha256:87e63ccfa13c0a0f6234ed0add552af24cc67dd886731f2261e46e241608bee3"},
    {file = "greenlet-3.3.0-cp314-cp314t-manylinux_2_24_s390x.manylinux_2_28_s390x.whl", hash = "sha256:2662433acbca297c9153a4023fe2161c8dcfdcc91f10433171cf7e7d94ba2221"},
    {file = "greenlet-3.3.0-cp314-cp314t-manylinux_2_24_x86_64.manylinux_2_28_x86_64.whl", hash = "sha256:3c6e9b9c1527a78520357de498b0e709fb9e2f49c3a513afd5a249007261911b"},
    {file = "greenlet-3.3.0-cp314-cp314t-musllinux_1_2_aarch64.whl", hash = "sha256:286d093f95ec98fdd92fcb955003b8a3d054b4e2cab3e2707a5039e7b50520fd"},
    {file = "greenlet-3.3.0-cp314-cp314t-musllinux_1_2_x86_64.whl", hash = "sha256:6c10513330af5b8ae16f023e8ddbfb486ab355d04467c4679c5cfe4659975dd9"},
    {file = "greenlet-3.3.0.tar.gz", hash = "sha256:a82bb225a4e9e4d653dd2fb7b8b2d36e4fb25bc0165422a11e48b88e9e6f78fb"},
]

[package.extras]
docs = ["Sphinx", "furo"]
test = ["objgraph", "psutil", "setuptools"]

[[package]]
name = "jmespath"
version = "1.0.1"
description = "JSON Matching Expressions"
optional = false
python-versions = ">=3.7"
groups = ["main"]
files = [
    {file = "jmespath-1.0.1-py3-none-any.whl", hash = "sha256:02e2e4cc71b5bcab88332eebf907519190dd9e6e82107fa7f83b1003a6252980"},
    {file = "jmespath-1.0.1.tar.gz", hash = "sha256:90261b206d6defd58fdd5e85f478bf633a2901798906be2ad389150c5c60edbe"},
]

[[package]]
name = "psycopg2-binary"
version = "2.9.11"
description = "psycopg2 - Python-PostgreSQL Database Adapter"
optional = false
python-versions = ">=3.9"
groups = ["main"]
files = [
    {file = "psycopg2-binary-2.9.11.tar.gz", hash = "sha256:b6aed9e096bf63f9e75edf2581aa9a7e7186d97ab5c177aa6c87797cd591236c"},
    {file = "psycopg2_binary-2.9.11-cp310-cp310-macosx_10_9_x86_64.whl", hash = "sha256:d6fe6b47d0b42ce1c9f1fa3e35bb365011ca22e39db37074458f27921dca40f2"},
    {file = "psycopg2_binary-2.9.11-cp310-cp310-macosx_11_0_arm64.whl", hash = "sha256:a6c0e4262e089516603a09474ee13eabf09cb65c332277e39af68f6233911087"},
    {file = "psycopg2_binary-2.9.11-cp310-cp310-manylinux2014_aarch64.manylinux_2_17_aarch64.whl", hash = "sha256:c47676e5b485393f069b4d7a811267d3168ce46f988fa602658b8bb901e9e64d"},
    {file = "psycopg2_binary-2.9.11-cp310-cp310-manylinux2014_ppc64le.manylinux_2_17_ppc64le.whl", hash = "sha256:a28d8c01a7b27a1e3265b11250ba7557e5f72b5ee9e5f3a2fa8d2949c29bf5d2"},
    {file = "psycopg2_binary-2.9.11-cp310-cp310-manylinux2014_x86_64.manylinux_2_17_x86_64.whl", hash = "sha256:5f3f2732cf504a1aa9e9609d02f79bea1067d99edf844ab92c247bbca143303b"},
    {file = "psycopg2_binary-2.9.11-cp310-cp310-manylinux_2_38_riscv64.manylinux_2_39_riscv64.whl", hash = "sha256:865f9945ed1b3950d968ec4690ce68c55019d79e4497366d36e090327ce7db14"},
    {file = "psycopg2_binary-2.9.11-cp310-cp310-musllinux_1_2_aarch64.whl", hash = "sha256:91537a8df2bde69b1c1db01d6d944c831ca793952e4f57892600e96cee95f2cd"},
    {file = "psycopg2_binary-2.9.11-cp310-cp310-musllinux_1_2_ppc64le.whl", hash = "sha256:4dca1f356a67ecb68c81a7bc7809f1569ad9e152ce7fd02c2f2036862ca9f66b"},
    {file = "psycopg2_binary-2.9.11-cp310-cp310-musllinux_1_2_riscv64.whl", hash = "sha256:0da4de5c1ac69d94ed4364b6cbe7190c1a70d325f112ba783d83f8440285f152"},
    {file = "psycopg2_binary-2.9.11-cp310-cp310-musllinux_1_2_x86_64.whl", hash = "sha256:37d8412565a7267f7d79e29ab66876e55cb5e8e7b3bbf94f8206f6795f8f7e7e"},
    {file = "psycopg2_binary-2.9.11-cp310-cp310-win_amd64.whl", hash = "sha256:c665f01ec8ab273a61c62beeb8cce3014c214429ced8a308ca1fc410ecac3a39"},
    {file = "psycopg2_binary-2.9.11-cp311-cp311-macosx_10_9_x86_64.whl", hash = "sha256:0e8480afd62362d0a6a27dd09e4ca2def6fa50ed3a4e7c09165266106b2ffa10"},
    {file = "psycopg2_binary-2.9.11-cp311-cp311-macosx_11_0_arm64.whl", hash = "sha256:763c93ef1df3da6d1a90f86ea7f3f806dc06b21c198fa87c3c25504abec9404a"},
    {file = "psycopg2_binary-2.9.11-cp311-cp311-manylinux2014_aarch64.manylinux_2_17_aarch64.whl", hash = "sha256:2e164359396576a3cc701ba8af4751ae68a07235d7a380c631184a611220d9a4"},
    {file = "psycopg2_binary-2.9.11-cp311-cp311-manylinux2014_ppc64le.manylinux_2_17_ppc64le.whl", hash = "sha256:d57c9c387660b8893093459738b6abddbb30a7eab058b77b0d0d1c7d521ddfd7"},
    {file = "psycopg2_binary-2.9.11-cp311-cp311-manylinux2014_x86_64.manylinux_2_17_x86_64.whl", hash = "sha256:2c226ef95eb2250974bf6fa7a842082b31f68385c4f3268370e3f3870e7859ee"},
    {file = "psycopg2_binary-2.9.11-cp311-cp311-manylinux_2_38_riscv64.manylinux_2_39_riscv64.whl", hash = "sha256:a311f1edc9967723d3511ea7d2708e2c3592e3405677bf53d5c7246753591fbb"},
    {file = "psycopg2_binary-2.9.11-cp311-cp311-musllinux_1_2_aarch64.whl", hash = "sha256:ebb415404821b6d1c47353ebe9c8645967a5235e6d88f914147e7fd411419e6f"},
    {file = "psycopg2_binary-2.9.11-cp311-cp311-musllinux_1_2_ppc64le.whl", hash = "sha256:f07c9c4a5093258a03b28fab9b4f151aa376989e7f35f855088234e656ee6a94"},
    {file = "psycopg2_binary-2.9.11-cp311-cp311-musllinux_1_2_riscv64.whl", hash = "sha256:00ce1830d971f43b667abe4a56e42c1e2d594b32da4802e44a73bacacb25535f"},
    {file = "psycopg2_binary-2.9.11-cp311-cp311-musllinux_1_2_x86_64.whl", hash = "sha256:cffe9d7697ae7456649617e8bb8d7a45afb71cd13f7ab22af3e5c61f04840908"},
    {file = "psycopg2_binary-2.9.11-cp311-cp311-win_amd64.whl", hash = "sha256:304fd7b7f97eef30e91b8f7e720b3db75fee010b520e434ea35ed1ff22501d03"},
    {file = "psycopg2_binary-2.9.11-cp312-cp312-macosx_10_13_x86_64.whl", hash = "sha256:be9b840ac0525a283a96b556616f5b4820e0526addb8dcf6525a0fa162730be4"},
    {file = "psycopg2_binary-2.9.11-cp312-cp312-macosx_11_0_arm64.whl", hash = "sha256:f090b7ddd13ca842ebfe301cd587a76a4cf0913b1e429eb92c1be5dbeb1a19bc"},
    {file = "psycopg2_binary-2.9.11-cp312-cp312-manylinux2014_aarch64.manylinux_2_17_aarch64.whl", hash = "sha256:ab8905b5dcb05bf3fb22e0cf90e10f469563486ffb6a96569e51f897c750a76a"},
    {file = "psycopg2_binary-2.9.11-cp312-cp312-manylinux2014_ppc64le.manylinux_2_17_ppc64le.whl", hash = "sha256:bf940cd7e7fec19181fdbc29d76911741153d51cab52e5c21165f3262125685e"},
    {file = "psycopg2_binary-2.9.11-cp312-cp312-manylinux2014_x86_64.manylinux_2_17_x86_64.whl", hash = "sha256:fa0f693d3c68ae925966f0b14b8edda71696608039f4ed61b1fe9ffa468d16db"},
    {file = "psycopg2_binary-2.9.11-cp312-cp312-manylinux_2_38_riscv64.manylinux_2_39_riscv64.whl", hash = "sha256:a1cf393f1cdaf6a9b57c0a719a1068ba1069f022a59b8b1fe44b006745b59757"},
    {file = "psycopg2_binary-2.9.11-cp312-cp312-musllinux_1_2_aarch64.whl", hash = "sha256:ef7a6beb4beaa62f88592ccc65df20328029d721db309cb3250b0aae0fa146c3"},
    {file = "psycopg2_binary-2.9.11-cp312-cp312-musllinux_1_2_ppc64le.whl", hash = "sha256:31b32c457a6025e74d233957cc9736742ac5a6cb196c6b68499f6bb51390bd6a"},
    {file = "psycopg2_binary-2.9.11-cp312-cp312-musllinux_1_2_riscv64.whl", hash = "sha256:edcb3aeb11cb4bf13a2af3c53a15b3d612edeb6409047ea0b5d6a21a9d744b34"},
    {file = "psycopg2_binary-2.9.11-cp312-cp312-musllinux_1_2_x86_64.whl", hash = "sha256:62b6d93d7c0b61a1dd6197d208ab613eb7dcfdcca0a49c42ceb082257991de9d"},
    {file = "psycopg2_binary-2.9.11-cp312-cp312-win_amd64.whl", hash = "sha256:b33fabeb1fde21180479b2d4667e994de7bbf0eec22832ba5d9b5e4cf65b6c6d"},
    {file = "psycopg2_binary-2.9.11-cp313-cp313-macosx_10_13_x86_64.whl", hash = "sha256:b8fb3db325435d34235b044b199e56cdf9ff41223a4b9752e8576465170bb38c"},
    {file = "psycopg2_binary-2.9.11-cp313-cp313-macosx_11_0_arm64.whl", hash = "sha256:366df99e710a2acd90efed3764bb1e28df6c675d33a7fb40df9b7281694432ee"},
    {file = "psycopg2_binary-2.9.11-cp313-cp313-manylinux2014_aarch64.manylinux_2_17_aarch64.whl", hash = "sha256:8c55b385daa2f92cb64b12ec4536c66954ac53654c7f15a203578da4e78105c0"},
    {file = "psycopg2_binary-2.9.11-cp313-cp313-manylinux2014_ppc64le.manylinux_2_17_ppc64le.whl", hash = "sha256:c0377174bf1dd416993d16edc15357f6eb17ac998244cca19bc67cdc0e2e5766"},
    {file = "psycopg2_binary-2.9.11-cp313-cp313-manylinux2014_x86_64.manylinux_2_17_x86_64.whl", hash = "sha256:5c6ff3335ce08c75afaed19e08699e8aacf95d4a260b495a4a8545244fe2ceb3"},
    {file = "psycopg2_binary-2.9.11-cp313-cp313-manylinux_2_38_riscv64.manylinux_2_39_riscv64.whl", hash = "sha256:84011ba3109e06ac412f95399b704d3d6950e386b7994475b231cf61eec2fc1f"},
    {file = "psycopg2_binary-2.9.11-cp313-cp313-musllinux_1_2_aarch64.whl", hash = "sha256:ba34475ceb08cccbdd98f6b46916917ae6eeb92b5ae111df10b544c3a4621dc4"},
    {file = "psycopg2_binary-2.9.11-cp313-cp313-musllinux_1_2_ppc64le.whl", hash = "sha256:b31e90fdd0f968c2de3b26ab014314fe814225b6c324f770952f7d38abf17e3c"},
    {file = "psycopg2_binary-2.9.11-cp313-cp313-musllinux_1_2_riscv64.whl", hash = "sha256:d526864e0f67f74937a8fce859bd56c979f5e2ec57ca7c627f5f1071ef7fee60"},
    {file = "psycopg2_binary-2.9.11-cp313-cp313-musllinux_1_2_x86_64.whl", hash = "sha256:04195548662fa544626c8ea0f06561eb6203f1984ba5b4562764fbeb4c3d14b1"},
    {file = "psycopg2_binary-2.9.11-cp313-cp313-win_amd64.whl", hash = "sha256:efff12b432179443f54e230fdf60de1f6cc726b6c832db8701227d089310e8aa"},
    {file = "psycopg2_binary-2.9.11-cp314-cp314-macosx_10_13_x86_64.whl", hash = "sha256:92e3b669236327083a2e33ccfa0d320dd01b9803b3e14dd986a4fc54aa00f4e1"},
    {file = "psycopg2_binary-2.9.11-cp314-cp314-macosx_11_0_arm64.whl", hash = "sha256:e0deeb03da539fa3577fcb0b3f2554a97f7e5477c246098dbb18091a4a01c16f"},
    {file = "psycopg2_binary-2.9.11-cp314-cp314-manylinux2014_aarch64.manylinux_2_17_aarch64.whl", hash = "sha256:9b52a3f9bb540a3e4ec0f6ba6d31339727b2950c9772850d6545b7eae0b9d7c5"},
    {file = "psycopg2_binary-2.9.11-cp314-cp314-manylinux2014_ppc64le.manylinux_2_17_ppc64le.whl", hash = "sha256:db4fd476874ccfdbb630a54426964959e58da4c61c9feba73e6094d51303d7d8"},
    {file = "psycopg2_binary-2.9.11-cp314-cp314-manylinux2014_x86_64.manylinux_2_17_x86_64.whl", hash = "sha256:47f212c1d3be608a12937cc131bd85502954398aaa1320cb4c14421a0ffccf4c"},
    {file = "psycopg2_binary-2.9.11-cp314-cp314-manylinux_2_38_riscv64.manylinux_2_39_riscv64.whl", hash = "sha256:e35b7abae2b0adab776add56111df1735ccc71406e56203515e228a8dc07089f"},
    {file = "psycopg2_binary-2.9.11-cp314-cp314-musllinux_1_2_aarch64.whl", hash = "sha256:fcf21be3ce5f5659daefd2b3b3b6e4727b028221ddc94e6c1523425579664747"},
    {file = "psycopg2_binary-2.9.11-cp314-cp314-musllinux_1_2_ppc64le.whl", hash = "sha256:9bd81e64e8de111237737b29d68039b9c813bdf520156af36d26819c9a979e5f"},
    {file = "psycopg2_binary-2.9.11-cp314-cp314-musllinux_1_2_riscv64.whl", hash = "sha256:32770a4d666fbdafab017086655bcddab791d7cb260a16679cc5a7338b64343b"},
    {file = "psycopg2_binary-2.9.11-cp314-cp314-musllinux_1_2_x86_64.whl", hash = "sha256:c3cb3a676873d7506825221045bd70e0427c905b9c8ee8d6acd70cfcbd6e576d"},
    {file = "psycopg2_binary-2.9.11-cp314-cp314-win_amd64.whl", hash = "sha256:4012c9c954dfaccd28f94e84ab9f94e12df76b4afb22331b1f0d3154893a6316"},
    {file = "psycopg2_binary-2.9.11-cp39-cp39-macosx_10_9_x86_64.whl", hash = "sha256:20e7fb94e20b03dcc783f76c0865f9da39559dcc0c28dd1a3fce0d01902a6b9c"},
    {file = "psycopg2_binary-2.9.11-cp39-cp39-macosx_11_0_arm64.whl", hash = "sha256:4bdab48575b6f870f465b397c38f1b415520e9879fdf10a53ee4f49dcbdf8a21"},
    {file = "psycopg2_binary-2.9.11-cp39-cp39-manylinux2014_aarch64.manylinux_2_17_aarch64.whl", hash = "sha256:9d3a9edcfbe77a3ed4bc72836d466dfce4174beb79eda79ea155cc77237ed9e8"},
    {file = "psycopg2_binary-2.9.11-cp39-cp39-manylinux2014_ppc64le.manylinux_2_17_ppc64le.whl", hash = "sha256:44fc5c2b8fa871ce7f0023f619f1349a0aa03a0857f2c96fbc01c657dcbbdb49"},
    {file = "psycopg2_binary-2.9.11-cp39-cp39-manylinux2014_x86_64.manylinux_2_17_x86_64.whl", hash = "sha256:9c55460033867b4622cda1b6872edf445809535144152e5d14941ef591980edf"},
    {file = "psycopg2_binary-2.9.11-cp39-cp39-manylinux_2_38_riscv64.manylinux_2_39_riscv64.whl", hash = "sha256:2d11098a83cca92deaeaed3d58cfd150d49b3b06ee0d0852be466bf87596899e"},
    {file = "psycopg2_binary-2.9.11-cp39-cp39-musllinux_1_2_aarch64.whl", hash = "sha256:691c807d94aecfbc76a14e1408847d59ff5b5906a04a23e12a89007672b9e819"},
    {file = "psycopg2_binary-2.9.11-cp39-cp39-musllinux_1_2_ppc64le.whl", hash = "sha256:8b81627b691f29c4c30a8f322546ad039c40c328373b11dff7490a3e1b517855"},
    {file = "psycopg2_binary-2.9.11-cp39-cp39-musllinux_1_2_riscv64.whl", hash = "sha256:b637d6d941209e8d96a072d7977238eea128046effbf37d1d8b2c0764750017d"},
    {file = "psycopg2_binary-2.9.11-cp39-cp39-musllinux_1_2_x86_64.whl", hash = "sha256:41360b01c140c2a03d346cec3280cf8a71aa07d94f3b1509fa0161c366af66b4"},
    {file = "psycopg2_binary-2.9.11-cp39-cp39-win_amd64.whl", hash = "sha256:875039274f8a2361e5207857899706da840768e2a775bf8c65e82f60b197df02"},
]

[[package]]
name = "python-dateutil"
version = "2.9.0.post0"
description = "Extensions to the standard Python datetime module"
optional = false
python-versions = "!=3.0.*,!=3.1.*,!=3.2.*,>=2.7"
groups = ["main"]
files = [
    {file = "python-dateutil-2.9.0.post0.tar.gz", hash = "sha256:37dd54208da7e1cd875388217d5e00ebd4179249f90fb72437e91a35459a0ad3"},
    {file = "python_dateutil-2.9.0.post0-py2.py3-none-any.whl", hash = "sha256:a8b2bc7bffae282281c8140a97d3aa9c14da0b136dfe83f850eea9a5f7470427"},
]

[package.dependencies]
six = ">=1.5"

[[package]]
name = "s3transfer"
version = "0.16.0"
description = "An Amazon S3 Transfer Manager"
optional = false
python-versions = ">=3.9"
groups = ["main"]
files = [
    {file = "s3transfer-0.16.0-py3-none-any.whl", hash = "sha256:18e25d66fed509e3868dc1572b3f427ff947dd2c56f844a5bf09481ad3f3b2fe"},
    {file = "s3transfer-0.16.0.tar.gz", hash = "sha256:8e990f13268025792229cd52fa10cb7163744bf56e719e0b9cb925ab79abf920"},
]

[package.dependencies]
botocore = ">=1.37.4,<2.0a.0"

[package.extras]
crt = ["botocore[crt] (>=1.37.4,<2.0a.0)"]

[[package]]
name = "six"
version = "1.17.0"
description = "Python 2 and 3 compatibility utilities"
optional = false
python-versions = "!=3.0.*,!=3.1.*,!=3.2.*,>=2.7"
groups = ["main"]
files = [
    {file = "six-1.17.0-py2.py3-none-any.whl", hash = "sha256:4721f391ed90541fddacab5acf947aa0d3dc7d27b2e1e8eda2be8970586c3274"},
    {file = "six-1.17.0.tar.gz", hash = "sha256:ff70335d468e7eb6ec65b95b99d3a2836546063f63acc5171de367e834932a81"},
]

[[package]]
name = "sqlalchemy"
version = "2.0.45"
description = "Database Abstraction Library"
optional = false
python-versions = ">=3.7"
groups = ["main"]
files = [
    {file = "sqlalchemy-2.0.45-cp310-cp310-macosx_11_0_arm64.whl", hash = "sha256:c64772786d9eee72d4d3784c28f0a636af5b0a29f3fe26ff11f55efe90c0bd85"},
    {file = "sqlalchemy-2.0.45-cp310-cp310-manylinux2014_aarch64.manylinux_2_17_aarch64.manylinux_2_28_aarch64.whl", hash = "sha256:7ae64ebf7657395824a19bca98ab10eb9a3ecb026bf09524014f1bb81cb598d4"},
    {file = "sqlalchemy-2.0.45-cp310-cp310-manylinux2014_x86_64.manylinux_2_17_x86_64.manylinux_2_28_x86_64.whl", hash = "sha256:0f02325709d1b1a1489f23a39b318e175a171497374149eae74d612634b234c0"},
    {file = "sqlalchemy-2.0.45-cp310-cp310-musllinux_1_2_aarch64.whl", hash = "sha256:d2c3684fca8a05f0ac1d9a21c1f4a266983a7ea9180efb80ffeb03861ecd01a0"},
    {file = "sqlalchemy-2.0.45-cp310-cp310-musllinux_1_2_x86_64.whl", hash = "sha256:040f6f0545b3b7da6b9317fc3e922c9a98fc7243b2a1b39f78390fc0942f7826"},
    {file = "sqlalchemy-2.0.45-cp310-cp310-win32.whl", hash = "sha256:830d434d609fe7bfa47c425c445a8b37929f140a7a44cdaf77f6d34df3a7296a"},
    {file = "sqlalchemy-2.0.45-cp310-cp310-win_amd64.whl", hash = "sha256:0209d9753671b0da74da2cfbb9ecf9c02f72a759e4b018b3ab35f244c91842c7"},
    {file = "sqlalchemy-2.0.45-cp311-cp311-macosx_11_0_arm64.whl", hash = "sha256:2e90a344c644a4fa871eb01809c32096487928bd2038bf10f3e4515cb688cc56"},
    {file = "sqlalchemy-2.0.45-cp311-cp311-manylinux2014_aarch64.manylinux_2_17_aarch64.manylinux_2_28_aarch64.whl", hash = "sha256:b8c8b41b97fba5f62349aa285654230296829672fc9939cd7f35aab246d1c08b"},
    {file = "sqlalchemy-2.0.45-cp311-cp311-manylinux2014_x86_64.manylinux_2_17_x86_64.manylinux_2_28_x86_64.whl", hash = "sha256:12c694ed6468333a090d2f60950e4250b928f457e4962389553d6ba5fe9951ac"},
    {file = "sqlalchemy-2.0.45-cp311-cp311-musllinux_1_2_aarch64.whl", hash = "sha256:f7d27a1d977a1cfef38a0e2e1ca86f09c4212666ce34e6ae542f3ed0a33bc606"},
    {file = "sqlalchemy-2.0.45-cp311-cp311-musllinux_1_2_x86_64.whl", hash = "sha256:d62e47f5d8a50099b17e2bfc1b0c7d7ecd8ba6b46b1507b58cc4f05eefc3bb1c"},
    {file = "sqlalchemy-2.0.45-cp311-cp311-win32.whl", hash = "sha256:3c5f76216e7b85770d5bb5130ddd11ee89f4d52b11783674a662c7dd57018177"},
    {file = "sqlalchemy-2.0.45-cp311-cp311-win_amd64.whl", hash = "sha256:a15b98adb7f277316f2c276c090259129ee4afca783495e212048daf846654b2"},
    {file = "sqlalchemy-2.0.45-cp312-cp312-manylinux2014_aarch64.manylinux_2_17_aarch64.manylinux_2_28_aarch64.whl", hash = "sha256:b3ee2aac15169fb0d45822983631466d60b762085bc4535cd39e66bea362df5f"},
    {file = "sqlalchemy-2.0.45-cp312-cp312-manylinux2014_x86_64.manylinux_2_17_x86_64.manylinux_2_28_x86_64.whl", hash = "sha256:ba547ac0b361ab4f1608afbc8432db669bd0819b3e12e29fb5fa9529a8bba81d"},
    {file = "sqlalchemy-2.0.45-cp312-cp312-musllinux_1_2_aarch64.whl", hash = "sha256:215f0528b914e5c75ef2559f69dca86878a3beeb0c1be7279d77f18e8d180ed4"},
    {file = "sqlalchemy-2.0.45-cp312-cp312-musllinux_1_2_x86_64.whl", hash = "sha256:107029bf4f43d076d4011f1afb74f7c3e2ea029ec82eb23d8527d5e909e97aa6"},
    {file = "sqlalchemy-2.0.45-cp312-cp312-win32.whl", hash = "sha256:0c9f6ada57b58420a2c0277ff853abe40b9e9449f8d7d231763c6bc30f5c4953"},
    {file = "sqlalchemy-2.0.45-cp312-cp312-win_amd64.whl", hash = "sha256:8defe5737c6d2179c7997242d6473587c3beb52e557f5ef0187277009f73e5e1"},
    {file = "sqlalchemy-2.0.45-cp313-cp313-manylinux2014_aarch64.manylinux_2_17_aarch64.manylinux_2_28_aarch64.whl", hash = "sha256:fe187fc31a54d7fd90352f34e8c008cf3ad5d064d08fedd3de2e8df83eb4a1cf"},
    {file = "sqlalchemy-2.0.45-cp313-cp313-manylinux2014_x86_64.manylinux_2_17_x86_64.manylinux_2_28_x86_64.whl", hash = "sha256:672c45cae53ba88e0dad74b9027dddd09ef6f441e927786b05bec75d949fbb2e"},
    {file = "sqlalchemy-2.0.45-cp313-cp313-musllinux_1_2_aarch64.whl", hash = "sha256:470daea2c1ce73910f08caf10575676a37159a6d16c4da33d0033546bddebc9b"},
    {file = "sqlalchemy-2.0.45-cp313-cp313-musllinux_1_2_x86_64.whl", hash = "sha256:9c6378449e0940476577047150fd09e242529b761dc887c9808a9a937fe990c8"},
    {file = "sqlalchemy-2.0.45-cp313-cp313-win32.whl", hash = "sha256:4b6bec67ca45bc166c8729910bd2a87f1c0407ee955df110d78948f5b5827e8a"},
    {file = "sqlalchemy-2.0.45-cp313-cp313-win_amd64.whl", hash = "sha256:afbf47dc4de31fa38fd491f3705cac5307d21d4bb828a4f020ee59af412744ee"},
    {file = "sqlalchemy-2.0.45-cp313-cp313t-manylinux2014_x86_64.manylinux_2_17_x86_64.manylinux_2_28_x86_64.whl", hash = "sha256:83d7009f40ce619d483d26ac1b757dfe3167b39921379a8bd1b596cf02dab4a6"},
    {file = "sqlalchemy-2.0.45-cp313-cp313t-musllinux_1_2_x86_64.whl", hash = "sha256:d8a2ca754e5415cde2b656c27900b19d50ba076aa05ce66e2207623d3fe41f5a"},
    {file = "sqlalchemy-2.0.45-cp314-cp314-manylinux2014_aarch64.manylinux_2_17_aarch64.manylinux_2_28_aarch64.whl", hash = "sha256:7f46ec744e7f51275582e6a24326e10c49fbdd3fc99103e01376841213028774"},
    {file = "sqlalchemy-2.0.45-cp314-cp314-manylinux2014_x86_64.manylinux_2_17_x86_64.manylinux_2_28_x86_64.whl", hash = "sha256:883c600c345123c033c2f6caca18def08f1f7f4c3ebeb591a63b6fceffc95cce"},
    {file = "sqlalchemy-2.0.45-cp314-cp314-musllinux_1_2_aarch64.whl", hash = "sha256:2c0b74aa79e2deade948fe8593654c8ef4228c44ba862bb7c9585c8e0db90f33"},
    {file = "sqlalchemy-2.0.45-cp314-cp314-musllinux_1_2_x86_64.whl", hash = "sha256:8a420169cef179d4c9064365f42d779f1e5895ad26ca0c8b4c0233920973db74"},
    {file = "sqlalchemy-2.0.45-cp314-cp314-win32.whl", hash = "sha256:e50dcb81a5dfe4b7b4a4aa8f338116d127cb209559124f3694c70d6cd072b68f"},
    {file = "sqlalchemy-2.0.45-cp314-cp314-win_amd64.whl", hash = "sha256:4748601c8ea959e37e03d13dcda4a44837afcd1b21338e637f7c935b8da06177"},
    {file = "sqlalchemy-2.0.45-cp314-cp314t-manylinux2014_x86_64.manylinux_2_17_x86_64.manylinux_2_28_x86_64.whl", hash = "sha256:cd337d3526ec5298f67d6a30bbbe4ed7e5e68862f0bf6dd21d289f8d37b7d60b"},
    {file = "sqlalchemy-2.0.45-cp314-cp314t-musllinux_1_2_x86_64.whl", hash = "sha256:9a62b446b7d86a3909abbcd1cd3cc550a832f99c2bc37c5b22e1925438b9367b"},
    {file = "sqlalchemy-2.0.45-cp38-cp38-macosx_11_0_arm64.whl", hash = "sha256:5964f832431b7cdfaaa22a660b4c7eb1dfcd6ed41375f67fd3e3440fd95cb3cc"},
    {file = "sqlalchemy-2.0.45-cp38-cp38-manylinux2014_aarch64.manylinux_2_17_aarch64.manylinux_2_28_aarch64.whl", hash = "sha256:ee580ab50e748208754ae8980cec79ec205983d8cf8b3f7c39067f3d9f2c8e22"},
    {file = "sqlalchemy-2.0.45-cp38-cp38-manylinux2014_x86_64.manylinux_2_17_x86_64.manylinux_2_28_x86_64.whl", hash = "sha256:13e27397a7810163440c6bfed6b3fe46f1bfb2486eb540315a819abd2c004128"},
    {file = "sqlalchemy-2.0.45-cp38-cp38-musllinux_1_2_aarch64.whl", hash = "sha256:ed3635353e55d28e7f4a95c8eda98a5cdc0a0b40b528433fbd41a9ae88f55b3d"},
    {file = "sqlalchemy-2.0.45-cp38-cp38-musllinux_1_2_x86_64.whl", hash = "sha256:db6834900338fb13a9123307f0c2cbb1f890a8656fcd5e5448ae3ad5bbe8d312"},
    {file = "sqlalchemy-2.0.45-cp38-cp38-win32.whl", hash = "sha256:1d8b4a7a8c9b537509d56d5cd10ecdcfbb95912d72480c8861524efecc6a3fff"},
    {file = "sqlalchemy-2.0.45-cp38-cp38-win_amd64.whl", hash = "sha256:ebd300afd2b62679203435f596b2601adafe546cb7282d5a0cd3ed99e423720f"},
    {file = "sqlalchemy-2.0.45-cp39-cp39-macosx_11_0_arm64.whl", hash = "sha256:d29b2b99d527dbc66dd87c3c3248a5dd789d974a507f4653c969999fc7c1191b"},
    {file = "sqlalchemy-2.0.45-cp39-cp39-manylinux2014_aarch64.manylinux_2_17_aarch64.manylinux_2_28_aarch64.whl", hash = "sha256:59a8b8bd9c6bedf81ad07c8bd5543eedca55fe9b8780b2b628d495ba55f8db1e"},
    {file = "sqlalchemy-2.0.45-cp39-cp39-manylinux2014_x86_64.manylinux_2_17_x86_64.manylinux_2_28_x86_64.whl", hash = "sha256:fd93c6f5d65f254ceabe97548c709e073d6da9883343adaa51bf1a913ce93f8e"},
    {file = "sqlalchemy-2.0.45-cp39-cp39-musllinux_1_2_aarch64.whl", hash = "sha256:6d0beadc2535157070c9c17ecf25ecec31e13c229a8f69196d7590bde8082bf1"},
    {file = "sqlalchemy-2.0.45-cp39-cp39-musllinux_1_2_x86_64.whl", hash = "sha256:e057f928ffe9c9b246a55b469c133b98a426297e1772ad24ce9f0c47d123bd5b"},
    {file = "sqlalchemy-2.0.45-cp39-cp39-win32.whl", hash = "sha256:c1c2091b1489435ff85728fafeb990f073e64f6f5e81d5cd53059773e8521eb6"},
    {file = "sqlalchemy-2.0.45-cp39-cp39-win_amd64.whl", hash = "sha256:56ead1f8dfb91a54a28cd1d072c74b3d635bcffbd25e50786533b822d4f2cde2"},
    {file = "sqlalchemy-2.0.45-py3-none-any.whl", hash = "sha256:5225a288e4c8cc2308dbdd874edad6e7d0fd38eac1e9e5f23503425c8eee20d0"},
    {file = "sqlalchemy-2.0.45.tar.gz", hash = "sha256:1632a4bda8d2d25703fdad6363058d882541bdaaee0e5e3ddfa0cd3229efce88"},
]

[package.dependencies]
greenlet = {version = ">=1", markers = "platform_machine == \"aarch64\" or platform_machine == \"ppc64le\" or platform_machine == \"x86_64\" or platform_machine == \"amd64\" or platform_machine == \"AMD64\" or platform_machine == \"win32\" or platform_machine == \"WIN32\""}
typing-extensions = ">=4.6.0"

[package.extras]
aiomysql = ["aiomysql (>=0.2.0)", "greenlet (>=1)"]
aioodbc = ["aioodbc", "greenlet (>=1)"]
aiosqlite = ["aiosqlite", "greenlet (>=1)", "typing_extensions (!=3.10.0.1)"]
asyncio = ["greenlet (>=1)"]
asyncmy = ["asyncmy (>=0.2.3,!=0.2.4,!=0.2.6)", "greenlet (>=1)"]
mariadb-connector = ["mariadb (>=1.0.1,!=1.1.2,!=1.1.5,!=1.1.10)"]
mssql = ["pyodbc"]
mssql-pymssql = ["pymssql"]
mssql-pyodbc = ["pyodbc"]
mypy = ["mypy (>=0.910)"]
mysql = ["mysqlclient (>=1.4.0)"]
mysql-connector = ["mysql-connector-python"]
oracle = ["cx_oracle (>=8)"]
oracle-oracledb = ["oracledb (>=1.0.1)"]
postgresql = ["psycopg2 (>=2.7)"]
postgresql-asyncpg = ["asyncpg", "greenlet (>=1)"]
postgresql-pg8000 = ["pg8000 (>=1.29.1)"]
postgresql-psycopg = ["psycopg (>=3.0.7)"]
postgresql-psycopg2binary = ["psycopg2-binary"]
postgresql-psycopg2cffi = ["psycopg2cffi"]
postgresql-psycopgbinary = ["psycopg[binary] (>=3.0.7)"]
pymysql = ["pymysql"]
sqlcipher = ["sqlcipher3_binary"]

[[package]]
name = "typing-extensions"
version = "4.15.0"
description = "Backported and Experimental Type Hints for Python 3.9+"
optional = false
python-versions = ">=3.9"
groups = ["main"]
files = [
    {file = "typing_extensions-4.15.0-py3-none-any.whl", hash = "sha256:f0fa19c6845758ab08074a0cfa8b7aecb71c999ca73d62883bc25cc018c4e548"},
    {file = "typing_extensions-4.15.0.tar.gz", hash = "sha256:0cea48d173cc12fa28ecabc3b837ea3cf6f38c6d1136f85cbaaf598984861466"},
]

[[package]]
name = "urllib3"
version = "2.6.3"
description = "HTTP library with thread-safe connection pooling, file post, and more."
optional = false
python-versions = ">=3.9"
groups = ["main"]
files = [
    {file = "urllib3-2.6.3-py3-none-any.whl", hash = "sha256:bf272323e553dfb2e87d9bfd225ca7b0f467b919d7bbd355436d3fd37cb0acd4"},
    {file = "urllib3-2.6.3.tar.gz", hash = "sha256:1b62b6884944a57dbe321509ab94fd4d3b307075e0c2eae991ac71ee15ad38ed"},
]

[package.extras]
brotli = ["brotli (>=1.2.0) ; platform_python_implementation == \"CPython\"", "brotlicffi (>=1.2.0.0) ; platform_python_implementation != \"CPython\""]
h2 = ["h2 (>=4,<5)"]
socks = ["pysocks (>=1.5.6,!=1.5.7,<2.0)"]
zstd = ["backports-zstd (>=1.0.0) ; python_version < \"3.14\""]

[metadata]
lock-version = "2.1"
python-versions = ">=3.12"
content-hash = "67f79e79de9489e5407d3ef3050b148cb87133171f56cfed0735c58b9e729ae2"
